// !$*UTF8*$!
{
	archiveVersion = 1;
	classes = {
	};
	objectVersion = 46;
	objects = {

/* Begin PBXBuildFile section */
		2FADCCCA1E796113000BCB1A /* AppDelegate.swift in Sources */ = {isa = PBXBuildFile; fileRef = 2FADCCC91E796113000BCB1A /* AppDelegate.swift */; };
		2FADCCCC1E796113000BCB1A /* ViewController.swift in Sources */ = {isa = PBXBuildFile; fileRef = 2FADCCCB1E796113000BCB1A /* ViewController.swift */; };
		2FADCCCF1E796113000BCB1A /* Main.storyboard in Resources */ = {isa = PBXBuildFile; fileRef = 2FADCCCD1E796113000BCB1A /* Main.storyboard */; };
		2FADCCD11E796113000BCB1A /* Assets.xcassets in Resources */ = {isa = PBXBuildFile; fileRef = 2FADCCD01E796113000BCB1A /* Assets.xcassets */; };
		2FADCCD41E796113000BCB1A /* LaunchScreen.storyboard in Resources */ = {isa = PBXBuildFile; fileRef = 2FADCCD21E796113000BCB1A /* LaunchScreen.storyboard */; };
/* End PBXBuildFile section */

/* Begin PBXFileReference section */
		2FADCCC61E796113000BCB1A /* location.app */ = {isa = PBXFileReference; explicitFileType = wrapper.application; includeInIndex = 0; path = location.app; sourceTree = BUILT_PRODUCTS_DIR; };
		2FADCCC91E796113000BCB1A /* AppDelegate.swift */ = {isa = PBXFileReference; lastKnownFileType = sourcecode.swift; path = AppDelegate.swift; sourceTree = "<group>"; };
		2FADCCCB1E796113000BCB1A /* ViewController.swift */ = {isa = PBXFileReference; lastKnownFileType = sourcecode.swift; path = ViewController.swift; sourceTree = "<group>"; };
		2FADCCCE1E796113000BCB1A /* Base */ = {isa = PBXFileReference; lastKnownFileType = file.storyboard; name = Base; path = Base.lproj/Main.storyboard; sourceTree = "<group>"; };
		2FADCCD01E796113000BCB1A /* Assets.xcassets */ = {isa = PBXFileReference; lastKnownFileType = folder.assetcatalog; path = Assets.xcassets; sourceTree = "<group>"; };
		2FADCCD31E796113000BCB1A /* Base */ = {isa = PBXFileReference; lastKnownFileType = file.storyboard; name = Base; path = Base.lproj/LaunchScreen.storyboard; sourceTree = "<group>"; };
		2FADCCD51E796113000BCB1A /* Info.plist */ = {isa = PBXFileReference; lastKnownFileType = text.plist.xml; path = Info.plist; sourceTree = "<group>"; };
/* End PBXFileReference section */

/* Begin PBXFrameworksBuildPhase section */
		2FADCCC31E796113000BCB1A /* Frameworks */ = {
			isa = PBXFrameworksBuildPhase;
			buildActionMask = 2147483647;
			files = (
			);
			runOnlyForDeploymentPostprocessing = 0;
		};
/* End PBXFrameworksBuildPhase section */

/* Begin PBXGroup section */
		2FADCCBD1E796113000BCB1A = {
			isa = PBXGroup;
			children = (
				2FADCCC81E796113000BCB1A /* location */,
				2FADCCC71E796113000BCB1A /* Products */,
			);
			sourceTree = "<group>";
		};
		2FADCCC71E796113000BCB1A /* Products */ = {
			isa = PBXGroup;
			children = (
				2FADCCC61E796113000BCB1A /* location.app */,
			);
			name = Products;
			sourceTree = "<group>";
		};
		2FADCCC81E796113000BCB1A /* location */ = {
			isa = PBXGroup;
			children = (
				2FADCCC91E796113000BCB1A /* AppDelegate.swift */,
				2FADCCCB1E796113000BCB1A /* ViewController.swift */,
				2FADCCCD1E796113000BCB1A /* Main.storyboard */,
				2FADCCD01E796113000BCB1A /* Assets.xcassets */,
				2FADCCD21E796113000BCB1A /* LaunchScreen.storyboard */,
				2FADCCD51E796113000BCB1A /* Info.plist */,
			);
			path = location;
			sourceTree = "<group>";
		};
/* End PBXGroup section */

/* Begin PBXNativeTarget section */
		2FADCCC51E796113000BCB1A /* location */ = {
			isa = PBXNativeTarget;
			buildConfigurationList = 2FADCCD81E796113000BCB1A /* Build configuration list for PBXNativeTarget "location" */;
			buildPhases = (
				2FADCCC21E796113000BCB1A /* Sources */,
				2FADCCC31E796113000BCB1A /* Frameworks */,
				2FADCCC41E796113000BCB1A /* Resources */,
			);
			buildRules = (
			);
			dependencies = (
			);
			name = location;
			productName = location;
			productReference = 2FADCCC61E796113000BCB1A /* location.app */;
			productType = "com.apple.product-type.application";
		};
/* End PBXNativeTarget section */

/* Begin PBXProject section */
		2FADCCBE1E796113000BCB1A /* Project object */ = {
			isa = PBXProject;
			attributes = {
				LastSwiftUpdateCheck = 0820;
				LastUpgradeCheck = 0820;
				ORGANIZATIONNAME = gh;
				TargetAttributes = {
					2FADCCC51E796113000BCB1A = {
						CreatedOnToolsVersion = 8.2.1;
						DevelopmentTeam = Q7BNHVRXE5;
						ProvisioningStyle = Automatic;
					};
				};
			};
			buildConfigurationList = 2FADCCC11E796113000BCB1A /* Build configuration list for PBXProject "location" */;
			compatibilityVersion = "Xcode 3.2";
			developmentRegion = English;
			hasScannedForEncodings = 0;
			knownRegions = (
				en,
				Base,
			);
			mainGroup = 2FADCCBD1E796113000BCB1A;
			productRefGroup = 2FADCCC71E796113000BCB1A /* Products */;
			projectDirPath = "";
			projectRoot = "";
			targets = (
				2FADCCC51E796113000BCB1A /* location */,
			);
		};
/* End PBXProject section */

/* Begin PBXResourcesBuildPhase section */
		2FADCCC41E796113000BCB1A /* Resources */ = {
			isa = PBXResourcesBuildPhase;
			buildActionMask = 2147483647;
			files = (
				2FADCCD41E796113000BCB1A /* LaunchScreen.storyboard in Resources */,
				2FADCCD11E796113000BCB1A /* Assets.xcassets in Resources */,
				2FADCCCF1E796113000BCB1A /* Main.storyboard in Resources */,
			);
			runOnlyForDeploymentPostprocessing = 0;
		};
/* End PBXResourcesBuildPhase section */

/* Begin PBXSourcesBuildPhase section */
		2FADCCC21E796113000BCB1A /* Sources */ = {
			isa = PBXSourcesBuildPhase;
			buildActionMask = 2147483647;
			files = (
				2FADCCCC1E796113000BCB1A /* ViewController.swift in Sources */,
				2FADCCCA1E796113000BCB1A /* AppDelegate.swift in Sources */,
			);
			runOnlyForDeploymentPostprocessing = 0;
		};
/* End PBXSourcesBuildPhase section */

/* Begin PBXVariantGroup section */
		2FADCCCD1E796113000BCB1A /* Main.storyboard */ = {
			isa = PBXVariantGroup;
			children = (
				2FADCCCE1E796113000BCB1A /* Base */,
			);
			name = Main.storyboard;
			sourceTree = "<group>";
		};
		2FADCCD21E796113000BCB1A /* LaunchScreen.storyboard */ = {
			isa = PBXVariantGroup;
			children = (
				2FADCCD31E796113000BCB1A /* Base */,
			);
			name = LaunchScreen.storyboard;
			sourceTree = "<group>";
		};
/* End PBXVariantGroup section */

/* Begin XCBuildConfiguration section */
		2FADCCD61E796113000BCB1A /* Debug */ = {
			isa = XCBuildConfiguration;
			buildSettings = {
				ALWAYS_SEARCH_USER_PATHS = NO;
				CLANG_ANALYZER_NONNULL = YES;
				CLANG_CXX_LANGUAGE_STANDARD = "gnu++0x";
				CLANG_CXX_LIBRARY = "libc++";
				CLANG_ENABLE_MODULES = YES;
				CLANG_ENABLE_OBJC_ARC = YES;
				CLANG_WARN_BOOL_CONVERSION = YES;
				CLANG_WARN_CONSTANT_CONVERSION = YES;
				CLANG_WARN_DIRECT_OBJC_ISA_USAGE = YES_ERROR;
				CLANG_WARN_DOCUMENTATION_COMMENTS = YES;
				CLANG_WARN_EMPTY_BODY = YES;
				CLANG_WARN_ENUM_CONVERSION = YES;
				CLANG_WARN_INFINITE_RECURSION = YES;
				CLANG_WARN_INT_CONVERSION = YES;
				CLANG_WARN_OBJC_ROOT_CLASS = YES_ERROR;
				CLANG_WARN_SUSPICIOUS_MOVE = YES;
				CLANG_WARN_UNREACHABLE_CODE = YES;
				CLANG_WARN__DUPLICATE_METHOD_MATCH = YES;
				"CODE_SIGN_IDENTITY[sdk=iphoneos*]" = "iPhone Developer";
				COPY_PHASE_STRIP = NO;
				DEBUG_INFORMATION_FORMAT = dwarf;
				ENABLE_STRICT_OBJC_MSGSEND = YES;
				ENABLE_TESTABILITY = YES;
				GCC_C_LANGUAGE_STANDARD = gnu99;
				GCC_DYNAMIC_NO_PIC = NO;
				GCC_NO_COMMON_BLOCKS = YES;
				GCC_OPTIMIZATION_LEVEL = 0;
				GCC_PREPROCESSOR_DEFINITIONS = (
					"DEBUG=1",
					"$(inherited)",
				);
				GCC_WARN_64_TO_32_BIT_CONVERSION = YES;
				GCC_WARN_ABOUT_RETURN_TYPE = YES_ERROR;
				GCC_WARN_UNDECLARED_SELECTOR = YES;
				GCC_WARN_UNINITIALIZED_AUTOS = YES_AGGRESSIVE;
				GCC_WARN_UNUSED_FUNCTION = YES;
				GCC_WARN_UNUSED_VARIABLE = YES;
				IPHONEOS_DEPLOYMENT_TARGET = 10.2;
				MTL_ENABLE_DEBUG_INFO = YES;
				ONLY_ACTIVE_ARCH = YES;
				SDKROOT = iphoneos;
				SWIFT_ACTIVE_COMPILATION_CONDITIONS = DEBUG;
				SWIFT_OPTIMIZATION_LEVEL = "-Onone";
			};
			name = Debug;
		};
		2FADCCD71E796113000BCB1A /* Release */ = {
			isa = XCBuildConfiguration;
			buildSettings = {
				ALWAYS_SEARCH_USER_PATHS = NO;
				CLANG_ANALYZER_NONNULL = YES;
				CLANG_CXX_LANGUAGE_STANDARD = "gnu++0x";
				CLANG_CXX_LIBRARY = "libc++";
				CLANG_ENABLE_MODULES = YES;
				CLANG_ENABLE_OBJC_ARC = YES;
				CLANG_WARN_BOOL_CONVERSION = YES;
				CLANG_WARN_CONSTANT_CONVERSION = YES;
				CLANG_WARN_DIRECT_OBJC_ISA_USAGE = YES_ERROR;
				CLANG_WARN_DOCUMENTATION_COMMENTS = YES;
				CLANG_WARN_EMPTY_BODY = YES;
				CLANG_WARN_ENUM_CONVERSION = YES;
				CLANG_WARN_INFINITE_RECURSION = YES;
				CLANG_WARN_INT_CONVERSION = YES;
				CLANG_WARN_OBJC_ROOT_CLASS = YES_ERROR;
				CLANG_WARN_SUSPICIOUS_MOVE = YES;
				CLANG_WARN_UNREACHABLE_CODE = YES;
				CLANG_WARN__DUPLICATE_METHOD_MATCH = YES;
				"CODE_SIGN_IDENTITY[sdk=iphoneos*]" = "iPhone Developer";
				COPY_PHASE_STRIP = NO;
				DEBUG_INFORMATION_FORMAT = "dwarf-with-dsym";
				ENABLE_NS_ASSERTIONS = NO;
				ENABLE_STRICT_OBJC_MSGSEND = YES;
				GCC_C_LANGUAGE_STANDARD = gnu99;
				GCC_NO_COMMON_BLOCKS = YES;
				GCC_WARN_64_TO_32_BIT_CONVERSION = YES;
				GCC_WARN_ABOUT_RETURN_TYPE = YES_ERROR;
				GCC_WARN_UNDECLARED_SELECTOR = YES;
				GCC_WARN_UNINITIALIZED_AUTOS = YES_AGGRESSIVE;
				GCC_WARN_UNUSED_FUNCTION = YES;
				GCC_WARN_UNUSED_VARIABLE = YES;
				IPHONEOS_DEPLOYMENT_TARGET = 10.2;
				MTL_ENABLE_DEBUG_INFO = NO;
				SDKROOT = iphoneos;
				SWIFT_OPTIMIZATION_LEVEL = "-Owholemodule";
				VALIDATE_PRODUCT = YES;
			};
			name = Release;
		};
		2FADCCD91E796113000BCB1A /* Debug */ = {
			isa = XCBuildConfiguration;
			buildSettings = {
				ASSETCATALOG_COMPILER_APPICON_NAME = AppIcon;
				DEVELOPMENT_TEAM = Q7BNHVRXE5;
				INFOPLIST_FILE = location/Info.plist;
				LD_RUNPATH_SEARCH_PATHS = "$(inherited) @executable_path/Frameworks";
				PRODUCT_BUNDLE_IDENTIFIER = org.guohai.location;
				PRODUCT_NAME = "$(TARGET_NAME)";
				SWIFT_VERSION = 3.0;
			};
			name = Debug;
		};
		2FADCCDA1E796113000BCB1A /* Release */ = {
			isa = XCBuildConfiguration;
			buildSettings = {
				ASSETCATALOG_COMPILER_APPICON_NAME = AppIcon;
				DEVELOPMENT_TEAM = Q7BNHVRXE5;
				INFOPLIST_FILE = location/Info.plist;
				LD_RUNPATH_SEARCH_PATHS = "$(inherited) @executable_path/Frameworks";
				PRODUCT_BUNDLE_IDENTIFIER = org.guohai.location;
				PRODUCT_NAME = "$(TARGET_NAME)";
				SWIFT_VERSION = 3.0;
			};
			name = Release;
		};
/* End XCBuildConfiguration section */

/* Begin XCConfigurationList section */
		2FADCCC11E796113000BCB1A /* Build configuration list for PBXProject "location" */ = {
			isa = XCConfigurationList;
			buildConfigurations = (
				2FADCCD61E796113000BCB1A /* Debug */,
				2FADCCD71E796113000BCB1A /* Release */,
			);
			defaultConfigurationIsVisible = 0;
			defaultConfigurationName = Release;
		};
		2FADCCD81E796113000BCB1A /* Build configuration list for PBXNativeTarget "location" */ = {
			isa = XCConfigurationList;
			buildConfigurations = (
				2FADCCD91E796113000BCB1A /* Debug */,
				2FADCCDA1E796113000BCB1A /* Release */,
			);
			defaultConfigurationIsVisible = 0;
			defaultConfigurationName = Release;
		};
/* End XCConfigurationList section */
	};
	rootObject = 2FADCCBE1E796113000BCB1A /* Project object */;
}
